
Microsoft Visual Studio Solution File, Format Version 12.00
# Visual Studio Version 16
VisualStudioVersion = 16.0.30611.23
MinimumVisualStudioVersion = 10.0.40219.1
Project("{FAE04EC0-301F-11D3-BF4B-00C04F79EFBC}") = "OperatorOverloadingAssignment", "OperatorOverloadingAssignment\OperatorOverloadingAssignment.csproj", "{680DEFBC-F899-40E9-B739-C415460A373B}"
EndProject
Global
	GlobalSection(SolutionConfigurationPlatforms) = preSolution
		Debug|Any CPU = Debug|Any CPU
		Release|Any CPU = Release|Any CPU
	EndGlobalSection
	GlobalSection(ProjectConfigurationPlatforms) = postSolution
		{680DEFBC-F899-40E9-B739-C415460A373B}.Debug|Any CPU.ActiveCfg = Debug|Any CPU
		{680DEFBC-F899-40E9-B739-C415460A373B}.Debug|Any CPU.Build.0 = Debug|Any CPU
		{680DEFBC-F899-40E9-B739-C415460A373B}.Release|Any CPU.ActiveCfg = Release|Any CPU
		{680DEFBC-F899-40E9-B739-C415460A373B}.Release|Any CPU.Build.0 = Release|Any CPU
	EndGlobalSection
	GlobalSection(SolutionProperties) = preSolution
		HideSolutionNode = FALSE
	EndGlobalSection
	GlobalSection(ExtensibilityGlobals) = postSolution
		SolutionGuid = {4C1D7926-1D05-4531-8238-C1FEBF76982B}
	EndGlobalSection
EndGlobal
