
Microsoft Visual Studio Solution File, Format Version 12.00
# Visual Studio Version 16
VisualStudioVersion = 16.0.30611.23
MinimumVisualStudioVersion = 10.0.40219.1
Project("{FAE04EC0-301F-11D3-BF4B-00C04F79EFBC}") = "ClassMethodAssignment", "ClassMethodAssignment\ClassMethodAssignment.csproj", "{D9EB7776-A5B0-4F97-BB14-55C22997ECA3}"
EndProject
Global
	GlobalSection(SolutionConfigurationPlatforms) = preSolution
		Debug|Any CPU = Debug|Any CPU
		Release|Any CPU = Release|Any CPU
	EndGlobalSection
	GlobalSection(ProjectConfigurationPlatforms) = postSolution
		{D9EB7776-A5B0-4F97-BB14-55C22997ECA3}.Debug|Any CPU.ActiveCfg = Debug|Any CPU
		{D9EB7776-A5B0-4F97-BB14-55C22997ECA3}.Debug|Any CPU.Build.0 = Debug|Any CPU
		{D9EB7776-A5B0-4F97-BB14-55C22997ECA3}.Release|Any CPU.ActiveCfg = Release|Any CPU
		{D9EB7776-A5B0-4F97-BB14-55C22997ECA3}.Release|Any CPU.Build.0 = Release|Any CPU
	EndGlobalSection
	GlobalSection(SolutionProperties) = preSolution
		HideSolutionNode = FALSE
	EndGlobalSection
	GlobalSection(ExtensibilityGlobals) = postSolution
		SolutionGuid = {4020116F-3666-47CA-9CB7-EB023723F3B1}
	EndGlobalSection
EndGlobal
