
Microsoft Visual Studio Solution File, Format Version 12.00
# Visual Studio Version 16
VisualStudioVersion = 16.0.30611.23
MinimumVisualStudioVersion = 10.0.40219.1
Project("{FAE04EC0-301F-11D3-BF4B-00C04F79EFBC}") = "AdditionalFeaturesAssignment", "AdditionalFeaturesAssignment\AdditionalFeaturesAssignment.csproj", "{2184E1DE-06AB-40B6-B2CC-028034EBB195}"
EndProject
Global
	GlobalSection(SolutionConfigurationPlatforms) = preSolution
		Debug|Any CPU = Debug|Any CPU
		Release|Any CPU = Release|Any CPU
	EndGlobalSection
	GlobalSection(ProjectConfigurationPlatforms) = postSolution
		{2184E1DE-06AB-40B6-B2CC-028034EBB195}.Debug|Any CPU.ActiveCfg = Debug|Any CPU
		{2184E1DE-06AB-40B6-B2CC-028034EBB195}.Debug|Any CPU.Build.0 = Debug|Any CPU
		{2184E1DE-06AB-40B6-B2CC-028034EBB195}.Release|Any CPU.ActiveCfg = Release|Any CPU
		{2184E1DE-06AB-40B6-B2CC-028034EBB195}.Release|Any CPU.Build.0 = Release|Any CPU
	EndGlobalSection
	GlobalSection(SolutionProperties) = preSolution
		HideSolutionNode = FALSE
	EndGlobalSection
	GlobalSection(ExtensibilityGlobals) = postSolution
		SolutionGuid = {9570A999-DAF0-43AB-AC7F-82C0221EEBC1}
	EndGlobalSection
EndGlobal
