
Microsoft Visual Studio Solution File, Format Version 12.00
# Visual Studio Version 16
VisualStudioVersion = 16.0.30611.23
MinimumVisualStudioVersion = 10.0.40219.1
Project("{FAE04EC0-301F-11D3-BF4B-00C04F79EFBC}") = "MathOperationAssignment", "MathOperationAssignment\MathOperationAssignment.csproj", "{76ECFB2F-84AD-4D5A-AC7F-567263420D68}"
EndProject
Global
	GlobalSection(SolutionConfigurationPlatforms) = preSolution
		Debug|Any CPU = Debug|Any CPU
		Release|Any CPU = Release|Any CPU
	EndGlobalSection
	GlobalSection(ProjectConfigurationPlatforms) = postSolution
		{76ECFB2F-84AD-4D5A-AC7F-567263420D68}.Debug|Any CPU.ActiveCfg = Debug|Any CPU
		{76ECFB2F-84AD-4D5A-AC7F-567263420D68}.Debug|Any CPU.Build.0 = Debug|Any CPU
		{76ECFB2F-84AD-4D5A-AC7F-567263420D68}.Release|Any CPU.ActiveCfg = Release|Any CPU
		{76ECFB2F-84AD-4D5A-AC7F-567263420D68}.Release|Any CPU.Build.0 = Release|Any CPU
	EndGlobalSection
	GlobalSection(SolutionProperties) = preSolution
		HideSolutionNode = FALSE
	EndGlobalSection
	GlobalSection(ExtensibilityGlobals) = postSolution
		SolutionGuid = {9492A746-FDD9-4027-B1D8-ED886B4E7C13}
	EndGlobalSection
EndGlobal
